
Microsoft Visual Studio Solution File, Format Version 12.00
# Visual Studio Version 16
VisualStudioVersion = 16.0.30907.101
MinimumVisualStudioVersion = 10.0.40219.1
Project("{FAE04EC0-301F-11D3-BF4B-00C04F79EFBC}") = "Process_Injection_ClassicDLLInjection", "Process_Injection_ClassicDLLInjection.csproj", "{80997713-81C8-431B-A15B-CD29E33A0869}"
EndProject
Global
	GlobalSection(SolutionConfigurationPlatforms) = preSolution
		Debug|Any CPU = Debug|Any CPU
		Debug|x64 = Debug|x64
		Release|Any CPU = Release|Any CPU
		Release|x64 = Release|x64
	EndGlobalSection
	GlobalSection(ProjectConfigurationPlatforms) = postSolution
		{80997713-81C8-431B-A15B-CD29E33A0869}.Debug|Any CPU.ActiveCfg = Debug|Any CPU
		{80997713-81C8-431B-A15B-CD29E33A0869}.Debug|Any CPU.Build.0 = Debug|Any CPU
		{80997713-81C8-431B-A15B-CD29E33A0869}.Debug|x64.ActiveCfg = Debug|x64
		{80997713-81C8-431B-A15B-CD29E33A0869}.Debug|x64.Build.0 = Debug|x64
		{80997713-81C8-431B-A15B-CD29E33A0869}.Release|Any CPU.ActiveCfg = Release|Any CPU
		{80997713-81C8-431B-A15B-CD29E33A0869}.Release|Any CPU.Build.0 = Release|Any CPU
		{80997713-81C8-431B-A15B-CD29E33A0869}.Release|x64.ActiveCfg = Release|x64
		{80997713-81C8-431B-A15B-CD29E33A0869}.Release|x64.Build.0 = Release|x64
	EndGlobalSection
	GlobalSection(SolutionProperties) = preSolution
		HideSolutionNode = FALSE
	EndGlobalSection
	GlobalSection(ExtensibilityGlobals) = postSolution
		SolutionGuid = {B42F84C4-10E7-4AEF-AF74-5B1517A085A4}
	EndGlobalSection
EndGlobal
