
Microsoft Visual Studio Solution File, Format Version 12.00
# Visual Studio Version 16
VisualStudioVersion = 16.0.30907.101
MinimumVisualStudioVersion = 10.0.40219.1
Project("{FAE04EC0-301F-11D3-BF4B-00C04F79EFBC}") = "Process_injection_csharp_suspend", "Process_injection_csharp_suspend.csproj", "{D18566D6-FDE2-42A0-8605-605261F698DE}"
EndProject
Global
	GlobalSection(SolutionConfigurationPlatforms) = preSolution
		Debug|Any CPU = Debug|Any CPU
		Debug|x64 = Debug|x64
		Debug|x86 = Debug|x86
		Release|Any CPU = Release|Any CPU
		Release|x64 = Release|x64
		Release|x86 = Release|x86
	EndGlobalSection
	GlobalSection(ProjectConfigurationPlatforms) = postSolution
		{D18566D6-FDE2-42A0-8605-605261F698DE}.Debug|Any CPU.ActiveCfg = Debug|Any CPU
		{D18566D6-FDE2-42A0-8605-605261F698DE}.Debug|Any CPU.Build.0 = Debug|Any CPU
		{D18566D6-FDE2-42A0-8605-605261F698DE}.Debug|x64.ActiveCfg = Debug|x64
		{D18566D6-FDE2-42A0-8605-605261F698DE}.Debug|x64.Build.0 = Debug|x64
		{D18566D6-FDE2-42A0-8605-605261F698DE}.Debug|x86.ActiveCfg = Debug|x86
		{D18566D6-FDE2-42A0-8605-605261F698DE}.Debug|x86.Build.0 = Debug|x86
		{D18566D6-FDE2-42A0-8605-605261F698DE}.Release|Any CPU.ActiveCfg = Release|Any CPU
		{D18566D6-FDE2-42A0-8605-605261F698DE}.Release|Any CPU.Build.0 = Release|Any CPU
		{D18566D6-FDE2-42A0-8605-605261F698DE}.Release|x64.ActiveCfg = Release|x64
		{D18566D6-FDE2-42A0-8605-605261F698DE}.Release|x64.Build.0 = Release|x64
		{D18566D6-FDE2-42A0-8605-605261F698DE}.Release|x86.ActiveCfg = Release|x86
		{D18566D6-FDE2-42A0-8605-605261F698DE}.Release|x86.Build.0 = Release|x86
	EndGlobalSection
	GlobalSection(SolutionProperties) = preSolution
		HideSolutionNode = FALSE
	EndGlobalSection
	GlobalSection(ExtensibilityGlobals) = postSolution
		SolutionGuid = {2E647586-5C0C-47A9-B8FD-3B2DCDF1FB3D}
	EndGlobalSection
EndGlobal
